
Microsoft Visual Studio Solution File, Format Version 12.00
# Visual Studio Version 16
VisualStudioVersion = 25.0.1706.0
MinimumVisualStudioVersion = 10.0.40219.1
Project("{FAE04EC0-301F-11D3-BF4B-00C04F79EFBC}") = "vn_mode_csharp_dz45", "vn_mode_csharp_dz45\vn_mode_csharp_dz45.csproj", "{881A5332-629E-445D-A3BB-E9B04B892C00}"
EndProject
Global
	GlobalSection(SolutionConfigurationPlatforms) = preSolution
		Debug|Any CPU = Debug|Any CPU
		Release|Any CPU = Release|Any CPU
	EndGlobalSection
	GlobalSection(ProjectConfigurationPlatforms) = postSolution
		{881A5332-629E-445D-A3BB-E9B04B892C00}.Debug|Any CPU.ActiveCfg = Debug|Any CPU
		{881A5332-629E-445D-A3BB-E9B04B892C00}.Debug|Any CPU.Build.0 = Debug|Any CPU
		{881A5332-629E-445D-A3BB-E9B04B892C00}.Release|Any CPU.ActiveCfg = Release|Any CPU
		{881A5332-629E-445D-A3BB-E9B04B892C00}.Release|Any CPU.Build.0 = Release|Any CPU
	EndGlobalSection
	GlobalSection(SolutionProperties) = preSolution
		HideSolutionNode = FALSE
	EndGlobalSection
	GlobalSection(ExtensibilityGlobals) = postSolution
		SolutionGuid = {22EE3A46-6CE2-4FE7-B5AB-83B611662088}
	EndGlobalSection
EndGlobal
